{
  "lockfileVersion": 1,
  "configVersion": 1,
  "workspaces": {
    "": {
      "name": "sb-component-library",
      "devDependencies": {
        "turbo": "^2.9.12"
      }
    },
    "components/web": {
      "name": "ui-web",
      "version": "1.0.0",
      "dependencies": {
        "react": "^19.2.6",
        "react-dom": "^19.2.6"
      },
      "devDependencies": {
        "@types/react": "^19.2.14",
        "@types/react-dom": "^19.2.3"
      }
    }
  },
  "packages": {
    "@turbo/darwin-64": ["@turbo/darwin-64@2.9.12", "", { "os": "darwin", "cpu": "x64" }, "sha512-eu3eFRmE9NjgZ0wPdRJ44l+LGSeIky+tz5ZQd8zQkw/Yqi+BM7wq+8nbabeoiVUcICi/IZweMOKl/MCmkrd1+g=="],

    "@turbo/darwin-arm64": ["@turbo/darwin-arm64@2.9.12", "", { "os": "darwin", "cpu": "arm64" }, "sha512-RUkAE404z/J8NsyrUosMcBaXT6M4bRFxTQrmkDQBLQVXaC8Jl0e9bMvYDSX0GW7Ffm2m3j9y7RXgR1foeUAM9w=="],

    "@turbo/linux-64": ["@turbo/linux-64@2.9.12", "", { "os": "linux", "cpu": "x64" }, "sha512-InIUtH7cw/vqXNX1Gr7QgWfmw3ct08pV5CpfdEOR48z2u2rzdmpIuk00B/Q2xCb0PMWtKgiMQynfuphmEuUyTQ=="],

    "@turbo/linux-arm64": ["@turbo/linux-arm64@2.9.12", "", { "os": "linux", "cpu": "arm64" }, "sha512-lC6nD//Xh67fmJM0LKaLsg74Wry0aYrgMklpiNgCbUaMdPIOqj0A00iri3NU7Lb7pZHx8ViisgpeDKlpSgFUCA=="],

    "@turbo/windows-64": ["@turbo/windows-64@2.9.12", "", { "os": "win32", "cpu": "x64" }, "sha512-conYri8VUl72JOdYnLDPYwzqbPcY5ECoHmo9FWoKznemhaAIilj4maHqs9Uar0aKfNoZIULniy+6iWaLtLO34A=="],

    "@turbo/windows-arm64": ["@turbo/windows-arm64@2.9.12", "", { "os": "win32", "cpu": "arm64" }, "sha512-XoR4bsg62/L/esRVcmoMESEiNZ36+YmyjYGLpoqk8nwMgXzzVjNOgX0lRSz5w/U/ajLGv3nhMsS0Q2QOdvp2AQ=="],

    "@types/react": ["@types/react@19.2.14", "", { "dependencies": { "csstype": "^3.2.2" } }, "sha512-ilcTH/UniCkMdtexkoCN0bI7pMcJDvmQFPvuPvmEaYA/NSfFTAgdUSLAoVjaRJm7+6PvcM+q1zYOwS4wTYMF9w=="],

    "@types/react-dom": ["@types/react-dom@19.2.3", "", { "peerDependencies": { "@types/react": "^19.2.0" } }, "sha512-jp2L/eY6fn+KgVVQAOqYItbF0VY/YApe5Mz2F0aykSO8gx31bYCZyvSeYxCHKvzHG5eZjc+zyaS5BrBWya2+kQ=="],

    "csstype": ["csstype@3.2.3", "", {}, "sha512-z1HGKcYy2xA8AGQfwrn0PAy+PB7X/GSj3UVJW9qKyn43xWa+gl5nXmU4qqLMRzWVLFC8KusUX8T/0kCiOYpAIQ=="],

    "react": ["react@19.2.6", "", {}, "sha512-sfWGGfavi0xr8Pg0sVsyHMAOziVYKgPLNrS7ig+ivMNb3wbCBw3KxtflsGBAwD3gYQlE/AEZsTLgToRrSCjb0Q=="],

    "react-dom": ["react-dom@19.2.6", "", { "dependencies": { "scheduler": "^0.27.0" }, "peerDependencies": { "react": "^19.2.6" } }, "sha512-0prMI+hvBbPjsWnxDLxlCGyM8PN6UuWjEUCYmZhO67xIV9Xasa/r/vDnq+Xyq4Lo27g8QSbO5YzARu0D1Sps3g=="],

    "scheduler": ["scheduler@0.27.0", "", {}, "sha512-eNv+WrVbKu1f3vbYJT/xtiF5syA5HPIMtf9IgY/nKg0sWqzAUEvqY/xm7OcZc/qafLx/iO9FgOmeSAp4v5ti/Q=="],

    "turbo": ["turbo@2.9.12", "", { "optionalDependencies": { "@turbo/darwin-64": "2.9.12", "@turbo/darwin-arm64": "2.9.12", "@turbo/linux-64": "2.9.12", "@turbo/linux-arm64": "2.9.12", "@turbo/windows-64": "2.9.12", "@turbo/windows-arm64": "2.9.12" }, "bin": { "turbo": "bin/turbo" } }, "sha512-lCPgus1NuTiBdaITWqzSH/Ff6HVL8HHGBtOXHg1dHRfcshN79XkygSdh0M6g8b0td91ILLG5MTkLOkp5UvyPJw=="],

    "ui-web": ["ui-web@workspace:components/web"]
  }
}
